
Microsoft Visual Studio Solution File, Format Version 12.00
# Visual Studio 15
VisualStudioVersion = 15.0.26430.16
MinimumVisualStudioVersion = 10.0.40219.1
Project("{FAE04EC0-301F-11D3-BF4B-00C04F79EFBC}") = "StorjshareDynamite", "StorjshareDynamite\StorjshareDynamite.csproj", "{0A30EA43-AF4D-4166-BC5C-A0825D2FE826}"
EndProject
Project("{CC5FD16D-436D-48AD-A40C-5A424C6E3E79}") = "StorjshareDynamite.Azure", "StorjshareDynamite.Azure\StorjshareDynamite.Azure.ccproj", "{CE8E3B03-1BF0-4EA2-BC4D-FAB7DD1CEDBD}"
EndProject
Global
	GlobalSection(SolutionConfigurationPlatforms) = preSolution
		Debug|Any CPU = Debug|Any CPU
		Release|Any CPU = Release|Any CPU
	EndGlobalSection
	GlobalSection(ProjectConfigurationPlatforms) = postSolution
		{0A30EA43-AF4D-4166-BC5C-A0825D2FE826}.Debug|Any CPU.ActiveCfg = Release|Any CPU
		{0A30EA43-AF4D-4166-BC5C-A0825D2FE826}.Debug|Any CPU.Build.0 = Release|Any CPU
		{0A30EA43-AF4D-4166-BC5C-A0825D2FE826}.Debug|Any CPU.Deploy.0 = Release|Any CPU
		{0A30EA43-AF4D-4166-BC5C-A0825D2FE826}.Release|Any CPU.ActiveCfg = Release|Any CPU
		{0A30EA43-AF4D-4166-BC5C-A0825D2FE826}.Release|Any CPU.Build.0 = Release|Any CPU
		{CE8E3B03-1BF0-4EA2-BC4D-FAB7DD1CEDBD}.Debug|Any CPU.ActiveCfg = Release|Any CPU
		{CE8E3B03-1BF0-4EA2-BC4D-FAB7DD1CEDBD}.Debug|Any CPU.Build.0 = Release|Any CPU
		{CE8E3B03-1BF0-4EA2-BC4D-FAB7DD1CEDBD}.Release|Any CPU.ActiveCfg = Release|Any CPU
		{CE8E3B03-1BF0-4EA2-BC4D-FAB7DD1CEDBD}.Release|Any CPU.Build.0 = Release|Any CPU
	EndGlobalSection
	GlobalSection(SolutionProperties) = preSolution
		HideSolutionNode = FALSE
	EndGlobalSection
EndGlobal
